
Microsoft Visual Studio Solution File, Format Version 12.00
# Visual Studio 15
VisualStudioVersion = 15.0.27428.2005
MinimumVisualStudioVersion = 10.0.40219.1
Project("{FAE04EC0-301F-11D3-BF4B-00C04F79EFBC}") = "WebAPI_Taxi", "WebAPI_Taxi\WebAPI_Taxi.csproj", "{53071B35-A905-466C-82AD-D1001D93EBDD}"
EndProject
Global
	GlobalSection(SolutionConfigurationPlatforms) = preSolution
		Debug|Any CPU = Debug|Any CPU
		Release|Any CPU = Release|Any CPU
	EndGlobalSection
	GlobalSection(ProjectConfigurationPlatforms) = postSolution
		{53071B35-A905-466C-82AD-D1001D93EBDD}.Debug|Any CPU.ActiveCfg = Debug|Any CPU
		{53071B35-A905-466C-82AD-D1001D93EBDD}.Debug|Any CPU.Build.0 = Debug|Any CPU
		{53071B35-A905-466C-82AD-D1001D93EBDD}.Release|Any CPU.ActiveCfg = Release|Any CPU
		{53071B35-A905-466C-82AD-D1001D93EBDD}.Release|Any CPU.Build.0 = Release|Any CPU
	EndGlobalSection
	GlobalSection(SolutionProperties) = preSolution
		HideSolutionNode = FALSE
	EndGlobalSection
	GlobalSection(ExtensibilityGlobals) = postSolution
		SolutionGuid = {B6817106-ED55-43DE-8DC7-52B76FACCC2D}
	EndGlobalSection
EndGlobal
